
Microsoft Visual Studio Solution File, Format Version 12.00
# Visual Studio Version 17
VisualStudioVersion = 17.4.33205.214
MinimumVisualStudioVersion = 10.0.40219.1
Project("{FAE04EC0-301F-11D3-BF4B-00C04F79EFBC}") = "ProgressBarSrc", "ProgressBarSrc.csproj", "{48900796-DFF2-4E9B-B908-F87D002AC6DF}"
EndProject
Global
	GlobalSection(SolutionConfigurationPlatforms) = preSolution
		Debug|Any CPU = Debug|Any CPU
		Release|Any CPU = Release|Any CPU
	EndGlobalSection
	GlobalSection(ProjectConfigurationPlatforms) = postSolution
		{48900796-DFF2-4E9B-B908-F87D002AC6DF}.Debug|Any CPU.ActiveCfg = Debug|Any CPU
		{48900796-DFF2-4E9B-B908-F87D002AC6DF}.Debug|Any CPU.Build.0 = Debug|Any CPU
		{48900796-DFF2-4E9B-B908-F87D002AC6DF}.Release|Any CPU.ActiveCfg = Release|Any CPU
		{48900796-DFF2-4E9B-B908-F87D002AC6DF}.Release|Any CPU.Build.0 = Release|Any CPU
	EndGlobalSection
	GlobalSection(SolutionProperties) = preSolution
		HideSolutionNode = FALSE
	EndGlobalSection
	GlobalSection(ExtensibilityGlobals) = postSolution
		SolutionGuid = {F4FA42B1-D2FE-4451-B6E3-BE5B31FC45FE}
	EndGlobalSection
EndGlobal
